
Microsoft Visual Studio Solution File, Format Version 12.00
# Visual Studio Version 17
VisualStudioVersion = 17.0.31903.59
MinimumVisualStudioVersion = 10.0.40219.1
Project("{2150E333-8FDC-42A3-9474-1A3956D46DE8}") = "src", "src", "{827E0CD3-B72D-47B6-A68D-7590B98EB39B}"
EndProject
Project("{FAE04EC0-301F-11D3-BF4B-00C04F79EFBC}") = "NuclearWeb.API", "src\NuclearWeb.API\NuclearWeb.API.csproj", "{99018702-CB17-49D3-84CB-1F9A5BFF43B0}"
EndProject
Project("{FAE04EC0-301F-11D3-BF4B-00C04F79EFBC}") = "NuclearWeb.Core", "src\NuclearWeb.Core\NuclearWeb.Core.csproj", "{73D424F5-B7F3-46EA-8395-05C6895FB434}"
EndProject
Project("{FAE04EC0-301F-11D3-BF4B-00C04F79EFBC}") = "NuclearWeb.Infrastructure", "src\NuclearWeb.Infrastructure\NuclearWeb.Infrastructure.csproj", "{BB69972E-C7FE-45CB-B17C-A3F027BA8D17}"
EndProject
Project("{FAE04EC0-301F-11D3-BF4B-00C04F79EFBC}") = "NuclearWeb.Application", "src\NuclearWeb.Application\NuclearWeb.Application.csproj", "{6E350ED2-308C-4EC8-911B-AAA2ECD03891}"
EndProject
Project("{2150E333-8FDC-42A3-9474-1A3956D46DE8}") = "tests", "tests", "{0AB3BF05-4346-4AA6-1389-037BE0695223}"
EndProject
Project("{FAE04EC0-301F-11D3-BF4B-00C04F79EFBC}") = "NuclearWeb.Tests.Contract", "tests\NuclearWeb.Tests.Contract\NuclearWeb.Tests.Contract.csproj", "{BB98BF76-05FC-4340-9C54-1075D07F95D7}"
EndProject
Project("{FAE04EC0-301F-11D3-BF4B-00C04F79EFBC}") = "NuclearWeb.Tests.Integration", "tests\NuclearWeb.Tests.Integration\NuclearWeb.Tests.Integration.csproj", "{2FC6AF92-7773-4855-B4D4-CF97DC26E5D1}"
EndProject
Project("{FAE04EC0-301F-11D3-BF4B-00C04F79EFBC}") = "NuclearWeb.Tests.Unit", "tests\NuclearWeb.Tests.Unit\NuclearWeb.Tests.Unit.csproj", "{848DA126-854E-4F0E-AC84-95D40C4468B3}"
EndProject
Project("{FAE04EC0-301F-11D3-BF4B-00C04F79EFBC}") = "NuclearWeb.Tests.Performance", "tests\NuclearWeb.Tests.Performance\NuclearWeb.Tests.Performance.csproj", "{7A226969-E4C0-4CB5-8B55-704632342057}"
EndProject
Global
	GlobalSection(SolutionConfigurationPlatforms) = preSolution
		Debug|Any CPU = Debug|Any CPU
		Debug|x64 = Debug|x64
		Debug|x86 = Debug|x86
		Release|Any CPU = Release|Any CPU
		Release|x64 = Release|x64
		Release|x86 = Release|x86
	EndGlobalSection
	GlobalSection(ProjectConfigurationPlatforms) = postSolution
		{99018702-CB17-49D3-84CB-1F9A5BFF43B0}.Debug|Any CPU.ActiveCfg = Debug|Any CPU
		{99018702-CB17-49D3-84CB-1F9A5BFF43B0}.Debug|Any CPU.Build.0 = Debug|Any CPU
		{99018702-CB17-49D3-84CB-1F9A5BFF43B0}.Debug|x64.ActiveCfg = Debug|Any CPU
		{99018702-CB17-49D3-84CB-1F9A5BFF43B0}.Debug|x64.Build.0 = Debug|Any CPU
		{99018702-CB17-49D3-84CB-1F9A5BFF43B0}.Debug|x86.ActiveCfg = Debug|Any CPU
		{99018702-CB17-49D3-84CB-1F9A5BFF43B0}.Debug|x86.Build.0 = Debug|Any CPU
		{99018702-CB17-49D3-84CB-1F9A5BFF43B0}.Release|Any CPU.ActiveCfg = Release|Any CPU
		{99018702-CB17-49D3-84CB-1F9A5BFF43B0}.Release|Any CPU.Build.0 = Release|Any CPU
		{99018702-CB17-49D3-84CB-1F9A5BFF43B0}.Release|x64.ActiveCfg = Release|Any CPU
		{99018702-CB17-49D3-84CB-1F9A5BFF43B0}.Release|x64.Build.0 = Release|Any CPU
		{99018702-CB17-49D3-84CB-1F9A5BFF43B0}.Release|x86.ActiveCfg = Release|Any CPU
		{99018702-CB17-49D3-84CB-1F9A5BFF43B0}.Release|x86.Build.0 = Release|Any CPU
		{73D424F5-B7F3-46EA-8395-05C6895FB434}.Debug|Any CPU.ActiveCfg = Debug|Any CPU
		{73D424F5-B7F3-46EA-8395-05C6895FB434}.Debug|Any CPU.Build.0 = Debug|Any CPU
		{73D424F5-B7F3-46EA-8395-05C6895FB434}.Debug|x64.ActiveCfg = Debug|Any CPU
		{73D424F5-B7F3-46EA-8395-05C6895FB434}.Debug|x64.Build.0 = Debug|Any CPU
		{73D424F5-B7F3-46EA-8395-05C6895FB434}.Debug|x86.ActiveCfg = Debug|Any CPU
		{73D424F5-B7F3-46EA-8395-05C6895FB434}.Debug|x86.Build.0 = Debug|Any CPU
		{73D424F5-B7F3-46EA-8395-05C6895FB434}.Release|Any CPU.ActiveCfg = Release|Any CPU
		{73D424F5-B7F3-46EA-8395-05C6895FB434}.Release|Any CPU.Build.0 = Release|Any CPU
		{73D424F5-B7F3-46EA-8395-05C6895FB434}.Release|x64.ActiveCfg = Release|Any CPU
		{73D424F5-B7F3-46EA-8395-05C6895FB434}.Release|x64.Build.0 = Release|Any CPU
		{73D424F5-B7F3-46EA-8395-05C6895FB434}.Release|x86.ActiveCfg = Release|Any CPU
		{73D424F5-B7F3-46EA-8395-05C6895FB434}.Release|x86.Build.0 = Release|Any CPU
		{BB69972E-C7FE-45CB-B17C-A3F027BA8D17}.Debug|Any CPU.ActiveCfg = Debug|Any CPU
		{BB69972E-C7FE-45CB-B17C-A3F027BA8D17}.Debug|Any CPU.Build.0 = Debug|Any CPU
		{BB69972E-C7FE-45CB-B17C-A3F027BA8D17}.Debug|x64.ActiveCfg = Debug|Any CPU
		{BB69972E-C7FE-45CB-B17C-A3F027BA8D17}.Debug|x64.Build.0 = Debug|Any CPU
		{BB69972E-C7FE-45CB-B17C-A3F027BA8D17}.Debug|x86.ActiveCfg = Debug|Any CPU
		{BB69972E-C7FE-45CB-B17C-A3F027BA8D17}.Debug|x86.Build.0 = Debug|Any CPU
		{BB69972E-C7FE-45CB-B17C-A3F027BA8D17}.Release|Any CPU.ActiveCfg = Release|Any CPU
		{BB69972E-C7FE-45CB-B17C-A3F027BA8D17}.Release|Any CPU.Build.0 = Release|Any CPU
		{BB69972E-C7FE-45CB-B17C-A3F027BA8D17}.Release|x64.ActiveCfg = Release|Any CPU
		{BB69972E-C7FE-45CB-B17C-A3F027BA8D17}.Release|x64.Build.0 = Release|Any CPU
		{BB69972E-C7FE-45CB-B17C-A3F027BA8D17}.Release|x86.ActiveCfg = Release|Any CPU
		{BB69972E-C7FE-45CB-B17C-A3F027BA8D17}.Release|x86.Build.0 = Release|Any CPU
		{6E350ED2-308C-4EC8-911B-AAA2ECD03891}.Debug|Any CPU.ActiveCfg = Debug|Any CPU
		{6E350ED2-308C-4EC8-911B-AAA2ECD03891}.Debug|Any CPU.Build.0 = Debug|Any CPU
		{6E350ED2-308C-4EC8-911B-AAA2ECD03891}.Debug|x64.ActiveCfg = Debug|Any CPU
		{6E350ED2-308C-4EC8-911B-AAA2ECD03891}.Debug|x64.Build.0 = Debug|Any CPU
		{6E350ED2-308C-4EC8-911B-AAA2ECD03891}.Debug|x86.ActiveCfg = Debug|Any CPU
		{6E350ED2-308C-4EC8-911B-AAA2ECD03891}.Debug|x86.Build.0 = Debug|Any CPU
		{6E350ED2-308C-4EC8-911B-AAA2ECD03891}.Release|Any CPU.ActiveCfg = Release|Any CPU
		{6E350ED2-308C-4EC8-911B-AAA2ECD03891}.Release|Any CPU.Build.0 = Release|Any CPU
		{6E350ED2-308C-4EC8-911B-AAA2ECD03891}.Release|x64.ActiveCfg = Release|Any CPU
		{6E350ED2-308C-4EC8-911B-AAA2ECD03891}.Release|x64.Build.0 = Release|Any CPU
		{6E350ED2-308C-4EC8-911B-AAA2ECD03891}.Release|x86.ActiveCfg = Release|Any CPU
		{6E350ED2-308C-4EC8-911B-AAA2ECD03891}.Release|x86.Build.0 = Release|Any CPU
		{BB98BF76-05FC-4340-9C54-1075D07F95D7}.Debug|Any CPU.ActiveCfg = Debug|Any CPU
		{BB98BF76-05FC-4340-9C54-1075D07F95D7}.Debug|Any CPU.Build.0 = Debug|Any CPU
		{BB98BF76-05FC-4340-9C54-1075D07F95D7}.Debug|x64.ActiveCfg = Debug|Any CPU
		{BB98BF76-05FC-4340-9C54-1075D07F95D7}.Debug|x64.Build.0 = Debug|Any CPU
		{BB98BF76-05FC-4340-9C54-1075D07F95D7}.Debug|x86.ActiveCfg = Debug|Any CPU
		{BB98BF76-05FC-4340-9C54-1075D07F95D7}.Debug|x86.Build.0 = Debug|Any CPU
		{BB98BF76-05FC-4340-9C54-1075D07F95D7}.Release|Any CPU.ActiveCfg = Release|Any CPU
		{BB98BF76-05FC-4340-9C54-1075D07F95D7}.Release|Any CPU.Build.0 = Release|Any CPU
		{BB98BF76-05FC-4340-9C54-1075D07F95D7}.Release|x64.ActiveCfg = Release|Any CPU
		{BB98BF76-05FC-4340-9C54-1075D07F95D7}.Release|x64.Build.0 = Release|Any CPU
		{BB98BF76-05FC-4340-9C54-1075D07F95D7}.Release|x86.ActiveCfg = Release|Any CPU
		{BB98BF76-05FC-4340-9C54-1075D07F95D7}.Release|x86.Build.0 = Release|Any CPU
		{2FC6AF92-7773-4855-B4D4-CF97DC26E5D1}.Debug|Any CPU.ActiveCfg = Debug|Any CPU
		{2FC6AF92-7773-4855-B4D4-CF97DC26E5D1}.Debug|Any CPU.Build.0 = Debug|Any CPU
		{2FC6AF92-7773-4855-B4D4-CF97DC26E5D1}.Debug|x64.ActiveCfg = Debug|Any CPU
		{2FC6AF92-7773-4855-B4D4-CF97DC26E5D1}.Debug|x64.Build.0 = Debug|Any CPU
		{2FC6AF92-7773-4855-B4D4-CF97DC26E5D1}.Debug|x86.ActiveCfg = Debug|Any CPU
		{2FC6AF92-7773-4855-B4D4-CF97DC26E5D1}.Debug|x86.Build.0 = Debug|Any CPU
		{2FC6AF92-7773-4855-B4D4-CF97DC26E5D1}.Release|Any CPU.ActiveCfg = Release|Any CPU
		{2FC6AF92-7773-4855-B4D4-CF97DC26E5D1}.Release|Any CPU.Build.0 = Release|Any CPU
		{2FC6AF92-7773-4855-B4D4-CF97DC26E5D1}.Release|x64.ActiveCfg = Release|Any CPU
		{2FC6AF92-7773-4855-B4D4-CF97DC26E5D1}.Release|x64.Build.0 = Release|Any CPU
		{2FC6AF92-7773-4855-B4D4-CF97DC26E5D1}.Release|x86.ActiveCfg = Release|Any CPU
		{2FC6AF92-7773-4855-B4D4-CF97DC26E5D1}.Release|x86.Build.0 = Release|Any CPU
		{848DA126-854E-4F0E-AC84-95D40C4468B3}.Debug|Any CPU.ActiveCfg = Debug|Any CPU
		{848DA126-854E-4F0E-AC84-95D40C4468B3}.Debug|Any CPU.Build.0 = Debug|Any CPU
		{848DA126-854E-4F0E-AC84-95D40C4468B3}.Debug|x64.ActiveCfg = Debug|Any CPU
		{848DA126-854E-4F0E-AC84-95D40C4468B3}.Debug|x64.Build.0 = Debug|Any CPU
		{848DA126-854E-4F0E-AC84-95D40C4468B3}.Debug|x86.ActiveCfg = Debug|Any CPU
		{848DA126-854E-4F0E-AC84-95D40C4468B3}.Debug|x86.Build.0 = Debug|Any CPU
		{848DA126-854E-4F0E-AC84-95D40C4468B3}.Release|Any CPU.ActiveCfg = Release|Any CPU
		{848DA126-854E-4F0E-AC84-95D40C4468B3}.Release|Any CPU.Build.0 = Release|Any CPU
		{848DA126-854E-4F0E-AC84-95D40C4468B3}.Release|x64.ActiveCfg = Release|Any CPU
		{848DA126-854E-4F0E-AC84-95D40C4468B3}.Release|x64.Build.0 = Release|Any CPU
		{848DA126-854E-4F0E-AC84-95D40C4468B3}.Release|x86.ActiveCfg = Release|Any CPU
		{848DA126-854E-4F0E-AC84-95D40C4468B3}.Release|x86.Build.0 = Release|Any CPU
		{7A226969-E4C0-4CB5-8B55-704632342057}.Debug|Any CPU.ActiveCfg = Debug|Any CPU
		{7A226969-E4C0-4CB5-8B55-704632342057}.Debug|Any CPU.Build.0 = Debug|Any CPU
		{7A226969-E4C0-4CB5-8B55-704632342057}.Debug|x64.ActiveCfg = Debug|Any CPU
		{7A226969-E4C0-4CB5-8B55-704632342057}.Debug|x64.Build.0 = Debug|Any CPU
		{7A226969-E4C0-4CB5-8B55-704632342057}.Debug|x86.ActiveCfg = Debug|Any CPU
		{7A226969-E4C0-4CB5-8B55-704632342057}.Debug|x86.Build.0 = Debug|Any CPU
		{7A226969-E4C0-4CB5-8B55-704632342057}.Release|Any CPU.ActiveCfg = Release|Any CPU
		{7A226969-E4C0-4CB5-8B55-704632342057}.Release|Any CPU.Build.0 = Release|Any CPU
		{7A226969-E4C0-4CB5-8B55-704632342057}.Release|x64.ActiveCfg = Release|Any CPU
		{7A226969-E4C0-4CB5-8B55-704632342057}.Release|x64.Build.0 = Release|Any CPU
		{7A226969-E4C0-4CB5-8B55-704632342057}.Release|x86.ActiveCfg = Release|Any CPU
		{7A226969-E4C0-4CB5-8B55-704632342057}.Release|x86.Build.0 = Release|Any CPU
	EndGlobalSection
	GlobalSection(SolutionProperties) = preSolution
		HideSolutionNode = FALSE
	EndGlobalSection
	GlobalSection(NestedProjects) = preSolution
		{99018702-CB17-49D3-84CB-1F9A5BFF43B0} = {827E0CD3-B72D-47B6-A68D-7590B98EB39B}
		{73D424F5-B7F3-46EA-8395-05C6895FB434} = {827E0CD3-B72D-47B6-A68D-7590B98EB39B}
		{BB69972E-C7FE-45CB-B17C-A3F027BA8D17} = {827E0CD3-B72D-47B6-A68D-7590B98EB39B}
		{6E350ED2-308C-4EC8-911B-AAA2ECD03891} = {827E0CD3-B72D-47B6-A68D-7590B98EB39B}
		{BB98BF76-05FC-4340-9C54-1075D07F95D7} = {0AB3BF05-4346-4AA6-1389-037BE0695223}
		{2FC6AF92-7773-4855-B4D4-CF97DC26E5D1} = {0AB3BF05-4346-4AA6-1389-037BE0695223}
		{848DA126-854E-4F0E-AC84-95D40C4468B3} = {0AB3BF05-4346-4AA6-1389-037BE0695223}
		{7A226969-E4C0-4CB5-8B55-704632342057} = {0AB3BF05-4346-4AA6-1389-037BE0695223}
	EndGlobalSection
EndGlobal
